
Microsoft Visual Studio Solution File, Format Version 12.00
# Visual Studio Version 17
VisualStudioVersion = 17.14.36429.23
MinimumVisualStudioVersion = 10.0.40219.1
Project("{FAE04EC0-301F-11D3-BF4B-00C04F79EFBC}") = "BogusExample", "BogusExample.csproj", "{C3F88460-8E80-59CD-CB51-A2A3855D7BA1}"
EndProject
Global
	GlobalSection(SolutionConfigurationPlatforms) = preSolution
		Debug|Any CPU = Debug|Any CPU
		Release|Any CPU = Release|Any CPU
	EndGlobalSection
	GlobalSection(ProjectConfigurationPlatforms) = postSolution
		{C3F88460-8E80-59CD-CB51-A2A3855D7BA1}.Debug|Any CPU.ActiveCfg = Debug|Any CPU
		{C3F88460-8E80-59CD-CB51-A2A3855D7BA1}.Debug|Any CPU.Build.0 = Debug|Any CPU
		{C3F88460-8E80-59CD-CB51-A2A3855D7BA1}.Release|Any CPU.ActiveCfg = Release|Any CPU
		{C3F88460-8E80-59CD-CB51-A2A3855D7BA1}.Release|Any CPU.Build.0 = Release|Any CPU
	EndGlobalSection
	GlobalSection(SolutionProperties) = preSolution
		HideSolutionNode = FALSE
	EndGlobalSection
	GlobalSection(ExtensibilityGlobals) = postSolution
		SolutionGuid = {64A41BB5-B21B-4247-9BD7-2F0CEC524328}
	EndGlobalSection
EndGlobal
