
Microsoft Visual Studio Solution File, Format Version 12.00
# Visual Studio 14
VisualStudioVersion = 14.0.24720.0
MinimumVisualStudioVersion = 10.0.40219.1
Project("{8BB2217D-0F2D-49D1-97BC-3654ED321F3B}") = "Bogus.Dnx", "Bogus\Bogus.Dnx.xproj", "{0E8B7AB8-9224-46DE-8758-79750C2DF94D}"
EndProject
Project("{8BB2217D-0F2D-49D1-97BC-3654ED321F3B}") = "Bogus.Tests.Dnx", "Bogus.Tests.Dnx\Bogus.Tests.Dnx.xproj", "{E3BD2457-CCDD-46EC-99E0-870B194FBA8B}"
EndProject
Global
	GlobalSection(SolutionConfigurationPlatforms) = preSolution
		Debug|Any CPU = Debug|Any CPU
		Release|Any CPU = Release|Any CPU
	EndGlobalSection
	GlobalSection(ProjectConfigurationPlatforms) = postSolution
		{0E8B7AB8-9224-46DE-8758-79750C2DF94D}.Debug|Any CPU.ActiveCfg = Debug|Any CPU
		{0E8B7AB8-9224-46DE-8758-79750C2DF94D}.Debug|Any CPU.Build.0 = Debug|Any CPU
		{0E8B7AB8-9224-46DE-8758-79750C2DF94D}.Release|Any CPU.ActiveCfg = Release|Any CPU
		{0E8B7AB8-9224-46DE-8758-79750C2DF94D}.Release|Any CPU.Build.0 = Release|Any CPU
		{E3BD2457-CCDD-46EC-99E0-870B194FBA8B}.Debug|Any CPU.ActiveCfg = Debug|Any CPU
		{E3BD2457-CCDD-46EC-99E0-870B194FBA8B}.Debug|Any CPU.Build.0 = Debug|Any CPU
		{E3BD2457-CCDD-46EC-99E0-870B194FBA8B}.Release|Any CPU.ActiveCfg = Release|Any CPU
		{E3BD2457-CCDD-46EC-99E0-870B194FBA8B}.Release|Any CPU.Build.0 = Release|Any CPU
	EndGlobalSection
	GlobalSection(SolutionProperties) = preSolution
		HideSolutionNode = FALSE
	EndGlobalSection
EndGlobal
