
Microsoft Visual Studio Solution File, Format Version 12.00
# Visual Studio Version 17
VisualStudioVersion = 17.0.31903.59
MinimumVisualStudioVersion = 17.0.31903.59
Project("{9A19103F-16F7-4668-BE54-9A1E7A4F7556}") = "Bogus", "Bogus\Bogus.csproj", "{340A2FE9-5B52-4FD7-9D21-83CCF1621E09}"
EndProject
Project("{9A19103F-16F7-4668-BE54-9A1E7A4F7556}") = "Bogus.Tests", "Bogus.Tests\Bogus.Tests.csproj", "{C738E347-08EF-47DA-B531-EE99739BD759}"
EndProject
Project("{2150E333-8FDC-42A3-9474-1A3956D46DE8}") = "Root", "Root", "{5CA98FAF-2EF3-4B31-8123-19BB2A14206D}"
	ProjectSection(SolutionItems) = preProject
		..\.gitignore = ..\.gitignore
		..\appveyor.yml = ..\appveyor.yml
		..\build.cmd = ..\build.cmd
		..\CONTRIBUTING.md = ..\CONTRIBUTING.md
		Directory.Build.props = Directory.Build.props
		..\.config\dotnet-tools.json = ..\.config\dotnet-tools.json
		..\HISTORY.md = ..\HISTORY.md
		..\README.md = ..\README.md
	EndProjectSection
EndProject
Project("{9A19103F-16F7-4668-BE54-9A1E7A4F7556}") = "Benchmark", "Benchmark\Benchmark.csproj", "{B8239D68-FBFA-4AAD-98E8-75405EA5B71C}"
EndProject
Project("{9A19103F-16F7-4668-BE54-9A1E7A4F7556}") = "Builder", "Builder\Builder.csproj", "{19654907-1CE1-45B3-9297-F6DD51F402C8}"
EndProject
Global
	GlobalSection(SolutionConfigurationPlatforms) = preSolution
		Debug|Any CPU = Debug|Any CPU
		Release|Any CPU = Release|Any CPU
	EndGlobalSection
	GlobalSection(ProjectConfigurationPlatforms) = postSolution
		{340A2FE9-5B52-4FD7-9D21-83CCF1621E09}.Debug|Any CPU.ActiveCfg = Debug|Any CPU
		{340A2FE9-5B52-4FD7-9D21-83CCF1621E09}.Debug|Any CPU.Build.0 = Debug|Any CPU
		{340A2FE9-5B52-4FD7-9D21-83CCF1621E09}.Release|Any CPU.ActiveCfg = Release|Any CPU
		{340A2FE9-5B52-4FD7-9D21-83CCF1621E09}.Release|Any CPU.Build.0 = Release|Any CPU
		{C738E347-08EF-47DA-B531-EE99739BD759}.Debug|Any CPU.ActiveCfg = Debug|Any CPU
		{C738E347-08EF-47DA-B531-EE99739BD759}.Debug|Any CPU.Build.0 = Debug|Any CPU
		{C738E347-08EF-47DA-B531-EE99739BD759}.Release|Any CPU.ActiveCfg = Release|Any CPU
		{C738E347-08EF-47DA-B531-EE99739BD759}.Release|Any CPU.Build.0 = Release|Any CPU
		{B8239D68-FBFA-4AAD-98E8-75405EA5B71C}.Debug|Any CPU.ActiveCfg = Debug|Any CPU
		{B8239D68-FBFA-4AAD-98E8-75405EA5B71C}.Debug|Any CPU.Build.0 = Debug|Any CPU
		{B8239D68-FBFA-4AAD-98E8-75405EA5B71C}.Release|Any CPU.ActiveCfg = Release|Any CPU
		{B8239D68-FBFA-4AAD-98E8-75405EA5B71C}.Release|Any CPU.Build.0 = Release|Any CPU
		{19654907-1CE1-45B3-9297-F6DD51F402C8}.Debug|Any CPU.ActiveCfg = Debug|Any CPU
		{19654907-1CE1-45B3-9297-F6DD51F402C8}.Release|Any CPU.ActiveCfg = Release|Any CPU
	EndGlobalSection
	GlobalSection(SolutionProperties) = preSolution
		HideSolutionNode = FALSE
	EndGlobalSection
	GlobalSection(ExtensibilityGlobals) = postSolution
		SolutionGuid = {134884B2-AB30-4C68-BF94-F1349B5A1E3C}
	EndGlobalSection
EndGlobal
